Microsoft Visual Studio Solution File, Format Version 12.00
# Visual Studio Version 17
VisualStudioVersion = 17.5.2.0
MinimumVisualStudioVersion = 10.0.40219.1
Project("{FAE04EC0-301F-11D3-BF4B-00C04F79EFBC}") = "diplomen", "diplomen.csproj", "{36668679-82C0-A6EC-99E9-2C74A303477C}"
EndProject
Global
	GlobalSection(SolutionConfigurationPlatforms) = preSolution
		Debug|Any CPU = Debug|Any CPU
		Release|Any CPU = Release|Any CPU
	EndGlobalSection
	GlobalSection(ProjectConfigurationPlatforms) = postSolution
		{36668679-82C0-A6EC-99E9-2C74A303477C}.Debug|Any CPU.ActiveCfg = Debug|Any CPU
		{36668679-82C0-A6EC-99E9-2C74A303477C}.Debug|Any CPU.Build.0 = Debug|Any CPU
		{36668679-82C0-A6EC-99E9-2C74A303477C}.Release|Any CPU.ActiveCfg = Release|Any CPU
		{36668679-82C0-A6EC-99E9-2C74A303477C}.Release|Any CPU.Build.0 = Release|Any CPU
	EndGlobalSection
	GlobalSection(SolutionProperties) = preSolution
		HideSolutionNode = FALSE
	EndGlobalSection
	GlobalSection(ExtensibilityGlobals) = postSolution
		SolutionGuid = {C1377318-4DF2-4293-B728-7219317FB6B1}
	EndGlobalSection
EndGlobal
